# THIS IS AN AUTOGENERATED FILE. DO NOT EDIT THIS FILE DIRECTLY.
# yarn lockfile v1


"@alloc/quick-lru@^5.2.0":
  version "5.2.0"
  resolved "https://registry.npmjs.org/@alloc/quick-lru/-/quick-lru-5.2.0.tgz"
  integrity sha512-UrcABB+4bUrFABwbluTIBErXwvbsU/V7TZWfmbgJfbkwiBuziS9gxdODUyuiecfdGQ85jglMW6juS3+z5TsKLw==

"@floating-ui/core@^1.7.3":
  version "1.7.3"
  resolved "https://registry.npmjs.org/@floating-ui/core/-/core-1.7.3.tgz"
  integrity sha512-sGnvb5dmrJaKEZ+LDIpguvdX3bDlEllmv4/ClQ9awcmCZrlx5jQyyMWFM5kBI+EyNOCDDiKk8il0zeuX3Zlg/w==
  dependencies:
    "@floating-ui/utils" "^0.2.10"

"@floating-ui/dom@^1.7.4":
  version "1.7.4"
  resolved "https://registry.npmjs.org/@floating-ui/dom/-/dom-1.7.4.tgz"
  integrity sha512-OOchDgh4F2CchOX94cRVqhvy7b3AFb+/rQXyswmzmGakRfkMgoWVjfnLWkRirfLEfuD4ysVW16eXzwt3jHIzKA==
  dependencies:
    "@floating-ui/core" "^1.7.3"
    "@floating-ui/utils" "^0.2.10"

"@floating-ui/react-dom@^2.1.2":
  version "2.1.6"
  resolved "https://registry.npmjs.org/@floating-ui/react-dom/-/react-dom-2.1.6.tgz"
  integrity sha512-4JX6rEatQEvlmgU80wZyq9RT96HZJa88q8hp0pBd+LrczeDI4o6uA2M+uvxngVHo4Ihr8uibXxH6+70zhAFrVw==
  dependencies:
    "@floating-ui/dom" "^1.7.4"

"@floating-ui/react@^0.26.16":
  version "0.26.28"
  resolved "https://registry.npmjs.org/@floating-ui/react/-/react-0.26.28.tgz"
  integrity sha512-yORQuuAtVpiRjpMhdc0wJj06b9JFjrYF4qp96j++v2NBpbi6SEGF7donUJ3TMieerQ6qVkAv1tgr7L4r5roTqw==
  dependencies:
    "@floating-ui/react-dom" "^2.1.2"
    "@floating-ui/utils" "^0.2.8"
    tabbable "^6.0.0"

"@floating-ui/utils@^0.2.10", "@floating-ui/utils@^0.2.8":
  version "0.2.10"
  resolved "https://registry.npmjs.org/@floating-ui/utils/-/utils-0.2.10.tgz"
  integrity sha512-aGTxbpbg8/b5JfU1HXSrbH3wXZuLPJcNEcZQFMxLs3oSzgtVu6nFPkbbGGUvBcUjKV2YyB9Wxxabo+HEH9tcRQ==

"@headlessui/react@^2.2.0":
  version "2.2.9"
  resolved "https://registry.npmjs.org/@headlessui/react/-/react-2.2.9.tgz"
  integrity sha512-Mb+Un58gwBn0/yWZfyrCh0TJyurtT+dETj7YHleylHk5od3dv2XqETPGWMyQ5/7sYN7oWdyM1u9MvC0OC8UmzQ==
  dependencies:
    "@floating-ui/react" "^0.26.16"
    "@react-aria/focus" "^3.20.2"
    "@react-aria/interactions" "^3.25.0"
    "@tanstack/react-virtual" "^3.13.9"
    use-sync-external-store "^1.5.0"

"@img/colour@^1.0.0":
  version "1.0.0"
  resolved "https://registry.npmjs.org/@img/colour/-/colour-1.0.0.tgz"
  integrity sha512-A5P/LfWGFSl6nsckYtjw9da+19jB8hkJ6ACTGcDfEJ0aE+l2n2El7dsVM7UVHZQ9s2lmYMWlrS21YLy2IR1LUw==

"@img/sharp-win32-x64@0.34.4":
  version "0.34.4"
  resolved "https://registry.npmjs.org/@img/sharp-win32-x64/-/sharp-win32-x64-0.34.4.tgz"
  integrity sha512-xIyj4wpYs8J18sVN3mSQjwrw7fKUqRw+Z5rnHNCy5fYTxigBz81u5mOMPmFumwjcn8+ld1ppptMBCLic1nz6ig==

"@jridgewell/gen-mapping@^0.3.5":
  version "0.3.13"
  resolved "https://registry.npmjs.org/@jridgewell/gen-mapping/-/gen-mapping-0.3.13.tgz"
  integrity sha512-2kkt/7niJ6MgEPxF0bYdQ6etZaA+fQvDcLKckhy1yIQOzaoKjBBjSj63/aLVjYE3qhRt5dvM+uUyfCg6UKCBbA==
  dependencies:
    "@jridgewell/sourcemap-codec" "^1.5.0"
    "@jridgewell/trace-mapping" "^0.3.24"

"@jridgewell/remapping@^2.3.4":
  version "2.3.5"
  resolved "https://registry.npmjs.org/@jridgewell/remapping/-/remapping-2.3.5.tgz"
  integrity sha512-LI9u/+laYG4Ds1TDKSJW2YPrIlcVYOwi2fUC6xB43lueCjgxV4lffOCZCtYFiH6TNOX+tQKXx97T4IKHbhyHEQ==
  dependencies:
    "@jridgewell/gen-mapping" "^0.3.5"
    "@jridgewell/trace-mapping" "^0.3.24"

"@jridgewell/resolve-uri@^3.1.0":
  version "3.1.2"
  resolved "https://registry.npmjs.org/@jridgewell/resolve-uri/-/resolve-uri-3.1.2.tgz"
  integrity sha512-bRISgCIjP20/tbWSPWMEi54QVPRZExkuD9lJL+UIxUKtwVJA8wW1Trb1jMs1RFXo1CBTNZ/5hpC9QvmKWdopKw==

"@jridgewell/sourcemap-codec@^1.4.14", "@jridgewell/sourcemap-codec@^1.5.0", "@jridgewell/sourcemap-codec@^1.5.5":
  version "1.5.5"
  resolved "https://registry.npmjs.org/@jridgewell/sourcemap-codec/-/sourcemap-codec-1.5.5.tgz"
  integrity sha512-cYQ9310grqxueWbl+WuIUIaiUaDcj7WOq5fVhEljNVgRfOUhY9fy2zTvfoqWsnebh8Sl70VScFbICvJnLKB0Og==

"@jridgewell/trace-mapping@^0.3.24":
  version "0.3.31"
  resolved "https://registry.npmjs.org/@jridgewell/trace-mapping/-/trace-mapping-0.3.31.tgz"
  integrity sha512-zzNR+SdQSDJzc8joaeP8QQoCQr8NuYx2dIIytl1QeBEZHJ9uW6hebsrYgbz8hJwUQao3TWCMtmfV8Nu1twOLAw==
  dependencies:
    "@jridgewell/resolve-uri" "^3.1.0"
    "@jridgewell/sourcemap-codec" "^1.4.14"

"@next/env@16.0.0":
  version "16.0.0"
  resolved "https://registry.npmjs.org/@next/env/-/env-16.0.0.tgz"
  integrity sha512-s5j2iFGp38QsG1LWRQaE2iUY3h1jc014/melHFfLdrsMJPqxqDQwWNwyQTcNoUSGZlCVZuM7t7JDMmSyRilsnA==

"@next/swc-win32-x64-msvc@16.0.0":
  version "16.0.0"
  resolved "https://registry.npmjs.org/@next/swc-win32-x64-msvc/-/swc-win32-x64-msvc-16.0.0.tgz"
  integrity sha512-O1cJbT+lZp+cTjYyZGiDwsOjO3UHHzSqobkPNipdlnnuPb1swfcuY6r3p8dsKU4hAIEO4cO67ZCfVVH/M1ETXA==

"@radix-ui/primitive@1.1.3":
  version "1.1.3"
  resolved "https://registry.npmjs.org/@radix-ui/primitive/-/primitive-1.1.3.tgz"
  integrity sha512-JTF99U/6XIjCBo0wqkU5sK10glYe27MRRsfwoiq5zzOEZLHU3A3KCMa5X/azekYRCJ0HlwI0crAXS/5dEHTzDg==

"@radix-ui/react-compose-refs@1.1.2":
  version "1.1.2"
  resolved "https://registry.npmjs.org/@radix-ui/react-compose-refs/-/react-compose-refs-1.1.2.tgz"
  integrity sha512-z4eqJvfiNnFMHIIvXP3CY57y2WJs5g2v3X0zm9mEJkrkNv4rDxu+sg9Jh8EkXyeqBkB7SOcboo9dMVqhyrACIg==

"@radix-ui/react-context@1.1.2":
  version "1.1.2"
  resolved "https://registry.npmjs.org/@radix-ui/react-context/-/react-context-1.1.2.tgz"
  integrity sha512-jCi/QKUM2r1Ju5a3J64TH2A5SpKAgh0LpknyqdQ4m6DCV0xJ2HG1xARRwNGPQfi1SLdLWZ1OJz6F4OMBBNiGJA==

"@radix-ui/react-dialog@^1.1.15":
  version "1.1.15"
  resolved "https://registry.npmjs.org/@radix-ui/react-dialog/-/react-dialog-1.1.15.tgz"
  integrity sha512-TCglVRtzlffRNxRMEyR36DGBLJpeusFcgMVD9PZEzAKnUs1lKCgX5u9BmC2Yg+LL9MgZDugFFs1Vl+Jp4t/PGw==
  dependencies:
    "@radix-ui/primitive" "1.1.3"
    "@radix-ui/react-compose-refs" "1.1.2"
    "@radix-ui/react-context" "1.1.2"
    "@radix-ui/react-dismissable-layer" "1.1.11"
    "@radix-ui/react-focus-guards" "1.1.3"
    "@radix-ui/react-focus-scope" "1.1.7"
    "@radix-ui/react-id" "1.1.1"
    "@radix-ui/react-portal" "1.1.9"
    "@radix-ui/react-presence" "1.1.5"
    "@radix-ui/react-primitive" "2.1.3"
    "@radix-ui/react-slot" "1.2.3"
    "@radix-ui/react-use-controllable-state" "1.2.2"
    aria-hidden "^1.2.4"
    react-remove-scroll "^2.6.3"

"@radix-ui/react-dismissable-layer@1.1.11":
  version "1.1.11"
  resolved "https://registry.npmjs.org/@radix-ui/react-dismissable-layer/-/react-dismissable-layer-1.1.11.tgz"
  integrity sha512-Nqcp+t5cTB8BinFkZgXiMJniQH0PsUt2k51FUhbdfeKvc4ACcG2uQniY/8+h1Yv6Kza4Q7lD7PQV0z0oicE0Mg==
  dependencies:
    "@radix-ui/primitive" "1.1.3"
    "@radix-ui/react-compose-refs" "1.1.2"
    "@radix-ui/react-primitive" "2.1.3"
    "@radix-ui/react-use-callback-ref" "1.1.1"
    "@radix-ui/react-use-escape-keydown" "1.1.1"

"@radix-ui/react-focus-guards@1.1.3":
  version "1.1.3"
  resolved "https://registry.npmjs.org/@radix-ui/react-focus-guards/-/react-focus-guards-1.1.3.tgz"
  integrity sha512-0rFg/Rj2Q62NCm62jZw0QX7a3sz6QCQU0LpZdNrJX8byRGaGVTqbrW9jAoIAHyMQqsNpeZ81YgSizOt5WXq0Pw==

"@radix-ui/react-focus-scope@1.1.7":
  version "1.1.7"
  resolved "https://registry.npmjs.org/@radix-ui/react-focus-scope/-/react-focus-scope-1.1.7.tgz"
  integrity sha512-t2ODlkXBQyn7jkl6TNaw/MtVEVvIGelJDCG41Okq/KwUsJBwQ4XVZsHAVUkK4mBv3ewiAS3PGuUWuY2BoK4ZUw==
  dependencies:
    "@radix-ui/react-compose-refs" "1.1.2"
    "@radix-ui/react-primitive" "2.1.3"
    "@radix-ui/react-use-callback-ref" "1.1.1"

"@radix-ui/react-id@1.1.1":
  version "1.1.1"
  resolved "https://registry.npmjs.org/@radix-ui/react-id/-/react-id-1.1.1.tgz"
  integrity sha512-kGkGegYIdQsOb4XjsfM97rXsiHaBwco+hFI66oO4s9LU+PLAC5oJ7khdOVFxkhsmlbpUqDAvXw11CluXP+jkHg==
  dependencies:
    "@radix-ui/react-use-layout-effect" "1.1.1"

"@radix-ui/react-label@^2.1.7":
  version "2.1.7"
  resolved "https://registry.npmjs.org/@radix-ui/react-label/-/react-label-2.1.7.tgz"
  integrity sha512-YT1GqPSL8kJn20djelMX7/cTRp/Y9w5IZHvfxQTVHrOqa2yMl7i/UfMqKRU5V7mEyKTrUVgJXhNQPVCG8PBLoQ==
  dependencies:
    "@radix-ui/react-primitive" "2.1.3"

"@radix-ui/react-portal@1.1.9":
  version "1.1.9"
  resolved "https://registry.npmjs.org/@radix-ui/react-portal/-/react-portal-1.1.9.tgz"
  integrity sha512-bpIxvq03if6UNwXZ+HTK71JLh4APvnXntDc6XOX8UVq4XQOVl7lwok0AvIl+b8zgCw3fSaVTZMpAPPagXbKmHQ==
  dependencies:
    "@radix-ui/react-primitive" "2.1.3"
    "@radix-ui/react-use-layout-effect" "1.1.1"

"@radix-ui/react-presence@1.1.5":
  version "1.1.5"
  resolved "https://registry.npmjs.org/@radix-ui/react-presence/-/react-presence-1.1.5.tgz"
  integrity sha512-/jfEwNDdQVBCNvjkGit4h6pMOzq8bHkopq458dPt2lMjx+eBQUohZNG9A7DtO/O5ukSbxuaNGXMjHicgwy6rQQ==
  dependencies:
    "@radix-ui/react-compose-refs" "1.1.2"
    "@radix-ui/react-use-layout-effect" "1.1.1"

"@radix-ui/react-primitive@2.1.3":
  version "2.1.3"
  resolved "https://registry.npmjs.org/@radix-ui/react-primitive/-/react-primitive-2.1.3.tgz"
  integrity sha512-m9gTwRkhy2lvCPe6QJp4d3G1TYEUHn/FzJUtq9MjH46an1wJU+GdoGC5VLof8RX8Ft/DlpshApkhswDLZzHIcQ==
  dependencies:
    "@radix-ui/react-slot" "1.2.3"

"@radix-ui/react-slot@^1.2.3", "@radix-ui/react-slot@1.2.3":
  version "1.2.3"
  resolved "https://registry.npmjs.org/@radix-ui/react-slot/-/react-slot-1.2.3.tgz"
  integrity sha512-aeNmHnBxbi2St0au6VBVC7JXFlhLlOnvIIlePNniyUNAClzmtAUEY8/pBiK3iHjufOlwA+c20/8jngo7xcrg8A==
  dependencies:
    "@radix-ui/react-compose-refs" "1.1.2"

"@radix-ui/react-use-callback-ref@1.1.1":
  version "1.1.1"
  resolved "https://registry.npmjs.org/@radix-ui/react-use-callback-ref/-/react-use-callback-ref-1.1.1.tgz"
  integrity sha512-FkBMwD+qbGQeMu1cOHnuGB6x4yzPjho8ap5WtbEJ26umhgqVXbhekKUQO+hZEL1vU92a3wHwdp0HAcqAUF5iDg==

"@radix-ui/react-use-controllable-state@1.2.2":
  version "1.2.2"
  resolved "https://registry.npmjs.org/@radix-ui/react-use-controllable-state/-/react-use-controllable-state-1.2.2.tgz"
  integrity sha512-BjasUjixPFdS+NKkypcyyN5Pmg83Olst0+c6vGov0diwTEo6mgdqVR6hxcEgFuh4QrAs7Rc+9KuGJ9TVCj0Zzg==
  dependencies:
    "@radix-ui/react-use-effect-event" "0.0.2"
    "@radix-ui/react-use-layout-effect" "1.1.1"

"@radix-ui/react-use-effect-event@0.0.2":
  version "0.0.2"
  resolved "https://registry.npmjs.org/@radix-ui/react-use-effect-event/-/react-use-effect-event-0.0.2.tgz"
  integrity sha512-Qp8WbZOBe+blgpuUT+lw2xheLP8q0oatc9UpmiemEICxGvFLYmHm9QowVZGHtJlGbS6A6yJ3iViad/2cVjnOiA==
  dependencies:
    "@radix-ui/react-use-layout-effect" "1.1.1"

"@radix-ui/react-use-escape-keydown@1.1.1":
  version "1.1.1"
  resolved "https://registry.npmjs.org/@radix-ui/react-use-escape-keydown/-/react-use-escape-keydown-1.1.1.tgz"
  integrity sha512-Il0+boE7w/XebUHyBjroE+DbByORGR9KKmITzbR7MyQ4akpORYP/ZmbhAr0DG7RmmBqoOnZdy2QlvajJ2QA59g==
  dependencies:
    "@radix-ui/react-use-callback-ref" "1.1.1"

"@radix-ui/react-use-layout-effect@1.1.1":
  version "1.1.1"
  resolved "https://registry.npmjs.org/@radix-ui/react-use-layout-effect/-/react-use-layout-effect-1.1.1.tgz"
  integrity sha512-RbJRS4UWQFkzHTTwVymMTUv8EqYhOp8dOOviLj2ugtTiXRaRQS7GLGxZTLL1jWhMeoSCf5zmcZkqTl9IiYfXcQ==

"@react-aria/focus@^3.20.2":
  version "3.21.2"
  resolved "https://registry.npmjs.org/@react-aria/focus/-/focus-3.21.2.tgz"
  integrity sha512-JWaCR7wJVggj+ldmM/cb/DXFg47CXR55lznJhZBh4XVqJjMKwaOOqpT5vNN7kpC1wUpXicGNuDnJDN1S/+6dhQ==
  dependencies:
    "@react-aria/interactions" "^3.25.6"
    "@react-aria/utils" "^3.31.0"
    "@react-types/shared" "^3.32.1"
    "@swc/helpers" "^0.5.0"
    clsx "^2.0.0"

"@react-aria/interactions@^3.25.0", "@react-aria/interactions@^3.25.6":
  version "3.25.6"
  resolved "https://registry.npmjs.org/@react-aria/interactions/-/interactions-3.25.6.tgz"
  integrity sha512-5UgwZmohpixwNMVkMvn9K1ceJe6TzlRlAfuYoQDUuOkk62/JVJNDLAPKIf5YMRc7d2B0rmfgaZLMtbREb0Zvkw==
  dependencies:
    "@react-aria/ssr" "^3.9.10"
    "@react-aria/utils" "^3.31.0"
    "@react-stately/flags" "^3.1.2"
    "@react-types/shared" "^3.32.1"
    "@swc/helpers" "^0.5.0"

"@react-aria/ssr@^3.9.10":
  version "3.9.10"
  resolved "https://registry.npmjs.org/@react-aria/ssr/-/ssr-3.9.10.tgz"
  integrity sha512-hvTm77Pf+pMBhuBm760Li0BVIO38jv1IBws1xFm1NoL26PU+fe+FMW5+VZWyANR6nYL65joaJKZqOdTQMkO9IQ==
  dependencies:
    "@swc/helpers" "^0.5.0"

"@react-aria/utils@^3.31.0":
  version "3.31.0"
  resolved "https://registry.npmjs.org/@react-aria/utils/-/utils-3.31.0.tgz"
  integrity sha512-ABOzCsZrWzf78ysswmguJbx3McQUja7yeGj6/vZo4JVsZNlxAN+E9rs381ExBRI0KzVo6iBTeX5De8eMZPJXig==
  dependencies:
    "@react-aria/ssr" "^3.9.10"
    "@react-stately/flags" "^3.1.2"
    "@react-stately/utils" "^3.10.8"
    "@react-types/shared" "^3.32.1"
    "@swc/helpers" "^0.5.0"
    clsx "^2.0.0"

"@react-stately/flags@^3.1.2":
  version "3.1.2"
  resolved "https://registry.npmjs.org/@react-stately/flags/-/flags-3.1.2.tgz"
  integrity sha512-2HjFcZx1MyQXoPqcBGALwWWmgFVUk2TuKVIQxCbRq7fPyWXIl6VHcakCLurdtYC2Iks7zizvz0Idv48MQ38DWg==
  dependencies:
    "@swc/helpers" "^0.5.0"

"@react-stately/utils@^3.10.8":
  version "3.10.8"
  resolved "https://registry.npmjs.org/@react-stately/utils/-/utils-3.10.8.tgz"
  integrity sha512-SN3/h7SzRsusVQjQ4v10LaVsDc81jyyR0DD5HnsQitm/I5WDpaSr2nRHtyloPFU48jlql1XX/S04T2DLQM7Y3g==
  dependencies:
    "@swc/helpers" "^0.5.0"

"@react-types/shared@^3.32.1":
  version "3.32.1"
  resolved "https://registry.npmjs.org/@react-types/shared/-/shared-3.32.1.tgz"
  integrity sha512-famxyD5emrGGpFuUlgOP6fVW2h/ZaF405G5KDi3zPHzyjAWys/8W6NAVJtNbkCkhedmvL0xOhvt8feGXyXaw5w==

"@reduxjs/toolkit@^2.3.0":
  version "2.9.2"
  resolved "https://registry.npmjs.org/@reduxjs/toolkit/-/toolkit-2.9.2.tgz"
  integrity sha512-ZAYu/NXkl/OhqTz7rfPaAhY0+e8Fr15jqNxte/2exKUxvHyQ/hcqmdekiN1f+Lcw3pE+34FCgX+26zcUE3duCg==
  dependencies:
    "@standard-schema/spec" "^1.0.0"
    "@standard-schema/utils" "^0.3.0"
    immer "^10.0.3"
    redux "^5.0.1"
    redux-thunk "^3.1.0"
    reselect "^5.1.0"

"@standard-schema/spec@^1.0.0":
  version "1.0.0"
  resolved "https://registry.npmjs.org/@standard-schema/spec/-/spec-1.0.0.tgz"
  integrity sha512-m2bOd0f2RT9k8QJx1JN85cZYyH1RqFBdlwtkSlf4tBDYLCiiZnv1fIIwacK6cqwXavOydf0NPToMQgpKq+dVlA==

"@standard-schema/utils@^0.3.0":
  version "0.3.0"
  resolved "https://registry.npmjs.org/@standard-schema/utils/-/utils-0.3.0.tgz"
  integrity sha512-e7Mew686owMaPJVNNLs55PUvgz371nKgwsc4vxE49zsODpJEnxgxRo2y/OKrqueavXgZNMDVj3DdHFlaSAeU8g==

"@supabase/auth-js@2.76.1":
  version "2.76.1"
  resolved "https://registry.npmjs.org/@supabase/auth-js/-/auth-js-2.76.1.tgz"
  integrity sha512-bxmcgPuyjTUBg7+jAohJ15TDh3ph4hXcv7QkRsQgnIpszurD5LYaJPzX638ETQ8zDL4fvHZRHfGrcmHV8C91jA==
  dependencies:
    "@supabase/node-fetch" "2.6.15"
    tslib "2.8.1"

"@supabase/functions-js@2.76.1":
  version "2.76.1"
  resolved "https://registry.npmjs.org/@supabase/functions-js/-/functions-js-2.76.1.tgz"
  integrity sha512-+zJym/GC1sofm5QYKGxHSszCpMW4Ao2dj/WC3YlffAGuIlIhUtWTJvKsv5q7sWaSKUKdDhGpWhZ2OD++fW5BtQ==
  dependencies:
    "@supabase/node-fetch" "2.6.15"
    tslib "2.8.1"

"@supabase/node-fetch@2.6.15":
  version "2.6.15"
  resolved "https://registry.npmjs.org/@supabase/node-fetch/-/node-fetch-2.6.15.tgz"
  integrity sha512-1ibVeYUacxWYi9i0cf5efil6adJ9WRyZBLivgjs+AUpewx1F3xPi7gLgaASI2SmIQxPoCEjAsLAzKPgMJVgOUQ==
  dependencies:
    whatwg-url "^5.0.0"

"@supabase/postgrest-js@2.76.1":
  version "2.76.1"
  resolved "https://registry.npmjs.org/@supabase/postgrest-js/-/postgrest-js-2.76.1.tgz"
  integrity sha512-QJ1Cwim6L9gzWKP8U4Lgw9x/4lMWkZSVMDRYFCH+vVGitVbtfU885swTiioOjjUe4EYGZm+Xktg90twzSVv6IA==
  dependencies:
    "@supabase/node-fetch" "2.6.15"
    tslib "2.8.1"

"@supabase/realtime-js@2.76.1":
  version "2.76.1"
  resolved "https://registry.npmjs.org/@supabase/realtime-js/-/realtime-js-2.76.1.tgz"
  integrity sha512-B5Lfmprea2fx2FS7obp4uAWiRUlEa6j9J3+BvvETGp/2LdkSRBaLEJCBylfcZTXk67ajNPX6ppvKvAZsckqXYg==
  dependencies:
    "@supabase/node-fetch" "2.6.15"
    "@types/phoenix" "^1.6.6"
    "@types/ws" "^8.18.1"
    tslib "2.8.1"
    ws "^8.18.2"

"@supabase/storage-js@2.76.1":
  version "2.76.1"
  resolved "https://registry.npmjs.org/@supabase/storage-js/-/storage-js-2.76.1.tgz"
  integrity sha512-OJiNT8tocI9tcTjTjv1SBVLabzgEnS1NorZuqivkiJ0gTYmeg2c2PFmqCARhoQ4whF6zR9MVsX/Mtj2oSv4i/w==
  dependencies:
    "@supabase/node-fetch" "2.6.15"
    tslib "2.8.1"

"@supabase/supabase-js@^2.46.0":
  version "2.76.1"
  resolved "https://registry.npmjs.org/@supabase/supabase-js/-/supabase-js-2.76.1.tgz"
  integrity sha512-dYMh9EsTVXZ6WbQ0QmMGIhbXct5+x636tXXaaxUmwjj3kY1jyBTQU8QehxAIfjyRu1mWGV07hoYmTYakkxdSGQ==
  dependencies:
    "@supabase/auth-js" "2.76.1"
    "@supabase/functions-js" "2.76.1"
    "@supabase/node-fetch" "2.6.15"
    "@supabase/postgrest-js" "2.76.1"
    "@supabase/realtime-js" "2.76.1"
    "@supabase/storage-js" "2.76.1"

"@swc/helpers@^0.5.0":
  version "0.5.17"
  resolved "https://registry.npmjs.org/@swc/helpers/-/helpers-0.5.17.tgz"
  integrity sha512-5IKx/Y13RsYd+sauPb2x+U/xZikHjolzfuDgTAl/Tdf3Q8rslRvC19NKDLgAJQ6wsqADk10ntlv08nPFw/gO/A==
  dependencies:
    tslib "^2.8.0"

"@swc/helpers@0.5.15":
  version "0.5.15"
  resolved "https://registry.npmjs.org/@swc/helpers/-/helpers-0.5.15.tgz"
  integrity sha512-JQ5TuMi45Owi4/BIMAJBoSQoOJu12oOk/gADqlcUL9JEdHB8vyjUSsxqeNXnmXHjYKMi2WcYtezGEEhqUI/E2g==
  dependencies:
    tslib "^2.8.0"

"@tailwindcss/node@4.1.16":
  version "4.1.16"
  resolved "https://registry.npmjs.org/@tailwindcss/node/-/node-4.1.16.tgz"
  integrity sha512-BX5iaSsloNuvKNHRN3k2RcCuTEgASTo77mofW0vmeHkfrDWaoFAFvNHpEgtu0eqyypcyiBkDWzSMxJhp3AUVcw==
  dependencies:
    "@jridgewell/remapping" "^2.3.4"
    enhanced-resolve "^5.18.3"
    jiti "^2.6.1"
    lightningcss "1.30.2"
    magic-string "^0.30.19"
    source-map-js "^1.2.1"
    tailwindcss "4.1.16"

"@tailwindcss/oxide-win32-x64-msvc@4.1.16":
  version "4.1.16"
  resolved "https://registry.npmjs.org/@tailwindcss/oxide-win32-x64-msvc/-/oxide-win32-x64-msvc-4.1.16.tgz"
  integrity sha512-m5dDFJUEejbFqP+UXVstd4W/wnxA4F61q8SoL+mqTypId2T2ZpuxosNSgowiCnLp2+Z+rivdU0AqpfgiD7yCBg==

"@tailwindcss/oxide@4.1.16":
  version "4.1.16"
  resolved "https://registry.npmjs.org/@tailwindcss/oxide/-/oxide-4.1.16.tgz"
  integrity sha512-2OSv52FRuhdlgyOQqgtQHuCgXnS8nFSYRp2tJ+4WZXKgTxqPy7SMSls8c3mPT5pkZ17SBToGM5LHEJBO7miEdg==
  optionalDependencies:
    "@tailwindcss/oxide-android-arm64" "4.1.16"
    "@tailwindcss/oxide-darwin-arm64" "4.1.16"
    "@tailwindcss/oxide-darwin-x64" "4.1.16"
    "@tailwindcss/oxide-freebsd-x64" "4.1.16"
    "@tailwindcss/oxide-linux-arm-gnueabihf" "4.1.16"
    "@tailwindcss/oxide-linux-arm64-gnu" "4.1.16"
    "@tailwindcss/oxide-linux-arm64-musl" "4.1.16"
    "@tailwindcss/oxide-linux-x64-gnu" "4.1.16"
    "@tailwindcss/oxide-linux-x64-musl" "4.1.16"
    "@tailwindcss/oxide-wasm32-wasi" "4.1.16"
    "@tailwindcss/oxide-win32-arm64-msvc" "4.1.16"
    "@tailwindcss/oxide-win32-x64-msvc" "4.1.16"

"@tailwindcss/postcss@^4.1.16":
  version "4.1.16"
  resolved "https://registry.npmjs.org/@tailwindcss/postcss/-/postcss-4.1.16.tgz"
  integrity sha512-Qn3SFGPXYQMKR/UtqS+dqvPrzEeBZHrFA92maT4zijCVggdsXnDBMsPFJo1eArX3J+O+Gi+8pV4PkqjLCNBk3A==
  dependencies:
    "@alloc/quick-lru" "^5.2.0"
    "@tailwindcss/node" "4.1.16"
    "@tailwindcss/oxide" "4.1.16"
    postcss "^8.4.41"
    tailwindcss "4.1.16"

"@tanstack/react-virtual@^3.13.9":
  version "3.13.12"
  resolved "https://registry.npmjs.org/@tanstack/react-virtual/-/react-virtual-3.13.12.tgz"
  integrity sha512-Gd13QdxPSukP8ZrkbgS2RwoZseTTbQPLnQEn7HY/rqtM+8Zt95f7xKC7N0EsKs7aoz0WzZ+fditZux+F8EzYxA==
  dependencies:
    "@tanstack/virtual-core" "3.13.12"

"@tanstack/virtual-core@3.13.12":
  version "3.13.12"
  resolved "https://registry.npmjs.org/@tanstack/virtual-core/-/virtual-core-3.13.12.tgz"
  integrity sha512-1YBOJfRHV4sXUmWsFSf5rQor4Ss82G8dQWLRbnk3GA4jeP8hQt1hxXh0tmflpC0dz3VgEv/1+qwPyLeWkQuPFA==

"@types/node@*":
  version "24.9.1"
  resolved "https://registry.npmjs.org/@types/node/-/node-24.9.1.tgz"
  integrity sha512-QoiaXANRkSXK6p0Duvt56W208du4P9Uye9hWLWgGMDTEoKPhuenzNcC4vGUmrNkiOKTlIrBoyNQYNpSwfEZXSg==
  dependencies:
    undici-types "~7.16.0"

"@types/phoenix@^1.6.6":
  version "1.6.6"
  resolved "https://registry.npmjs.org/@types/phoenix/-/phoenix-1.6.6.tgz"
  integrity sha512-PIzZZlEppgrpoT2QgbnDU+MMzuR6BbCjllj0bM70lWoejMeNJAxCchxnv7J3XFkI8MpygtRpzXrIlmWUBclP5A==

"@types/use-sync-external-store@^0.0.6":
  version "0.0.6"
  resolved "https://registry.npmjs.org/@types/use-sync-external-store/-/use-sync-external-store-0.0.6.tgz"
  integrity sha512-zFDAD+tlpf2r4asuHEj0XH6pY6i0g5NeAHPn+15wk3BV6JA69eERFXC1gyGThDkVa1zCyKr5jox1+2LbV/AMLg==

"@types/ws@^8.18.1":
  version "8.18.1"
  resolved "https://registry.npmjs.org/@types/ws/-/ws-8.18.1.tgz"
  integrity sha512-ThVF6DCVhA8kUGy+aazFQ4kXQ7E1Ty7A3ypFOe0IcJV8O/M511G99AW24irKrW56Wt44yG9+ij8FaqoBGkuBXg==
  dependencies:
    "@types/node" "*"

aria-hidden@^1.2.4:
  version "1.2.6"
  resolved "https://registry.npmjs.org/aria-hidden/-/aria-hidden-1.2.6.tgz"
  integrity sha512-ik3ZgC9dY/lYVVM++OISsaYDeg1tb0VtP5uL3ouh1koGOaUMDPpbFIei4JkFimWUFPn90sbMNMXQAIVOlnYKJA==
  dependencies:
    tslib "^2.0.0"

caniuse-lite@^1.0.30001579:
  version "1.0.30001751"
  resolved "https://registry.npmjs.org/caniuse-lite/-/caniuse-lite-1.0.30001751.tgz"
  integrity sha512-A0QJhug0Ly64Ii3eIqHu5X51ebln3k4yTUkY1j8drqpWHVreg/VLijN48cZ1bYPiqOQuqpkIKnzr/Ul8V+p6Cw==

class-variance-authority@^0.7.1:
  version "0.7.1"
  resolved "https://registry.npmjs.org/class-variance-authority/-/class-variance-authority-0.7.1.tgz"
  integrity sha512-Ka+9Trutv7G8M6WT6SeiRWz792K5qEqIGEGzXKhAE6xOWAY6pPH8U+9IY3oCMv6kqTmLsv7Xh/2w2RigkePMsg==
  dependencies:
    clsx "^2.1.1"

client-only@0.0.1:
  version "0.0.1"
  resolved "https://registry.npmjs.org/client-only/-/client-only-0.0.1.tgz"
  integrity sha512-IV3Ou0jSMzZrd3pZ48nLkT9DA7Ag1pnPzaiQhpW7c3RbcqqzvzzVu+L8gfqMp/8IM2MQtSiqaCxrrcfu8I8rMA==

clsx@^2.0.0, clsx@^2.1.1:
  version "2.1.1"
  resolved "https://registry.npmjs.org/clsx/-/clsx-2.1.1.tgz"
  integrity sha512-eYm0QWBtUrBWZWG0d386OGAw16Z995PiOVo2B7bjWSbHedGl5e0ZWaq65kOGgUSNesEIDkB9ISbTg/JK9dhCZA==

detect-libc@^2.0.3, detect-libc@^2.1.0:
  version "2.1.2"
  resolved "https://registry.npmjs.org/detect-libc/-/detect-libc-2.1.2.tgz"
  integrity sha512-Btj2BOOO83o3WyH59e8MgXsxEQVcarkUOpEYrubB0urwnN10yQ364rsiByU11nZlqWYZm05i/of7io4mzihBtQ==

detect-node-es@^1.1.0:
  version "1.1.0"
  resolved "https://registry.npmjs.org/detect-node-es/-/detect-node-es-1.1.0.tgz"
  integrity sha512-ypdmJU/TbBby2Dxibuv7ZLW3Bs1QEmM7nHjEANfohJLvE0XVujisn1qPJcZxg+qDucsr+bP6fLD1rPS3AhJ7EQ==

enhanced-resolve@^5.18.3:
  version "5.18.3"
  resolved "https://registry.npmjs.org/enhanced-resolve/-/enhanced-resolve-5.18.3.tgz"
  integrity sha512-d4lC8xfavMeBjzGr2vECC3fsGXziXZQyJxD868h2M/mBI3PwAuODxAkLkq5HYuvrPYcUtiLzsTo8U3PgX3Ocww==
  dependencies:
    graceful-fs "^4.2.4"
    tapable "^2.2.0"

get-nonce@^1.0.0:
  version "1.0.1"
  resolved "https://registry.npmjs.org/get-nonce/-/get-nonce-1.0.1.tgz"
  integrity sha512-FJhYRoDaiatfEkUK8HKlicmu/3SGFD51q3itKDGoSTysQJBnfOcxU5GxnhE1E6soB76MbT0MBtnKJuXyAx+96Q==

graceful-fs@^4.2.4:
  version "4.2.11"
  resolved "https://registry.npmjs.org/graceful-fs/-/graceful-fs-4.2.11.tgz"
  integrity sha512-RbJ5/jmFcNNCcDV5o9eTnBLJ/HszWV0P73bc+Ff4nS/rJj+YaS6IGyiOL0VoBYX+l1Wrl3k63h/KrH+nhJ0XvQ==

immer@^10.0.3:
  version "10.1.3"
  resolved "https://registry.npmjs.org/immer/-/immer-10.1.3.tgz"
  integrity sha512-tmjF/k8QDKydUlm3mZU+tjM6zeq9/fFpPqH9SzWmBnVVKsPBg/V66qsMwb3/Bo90cgUN+ghdVBess+hPsxUyRw==

jiti@^2.6.1:
  version "2.6.1"
  resolved "https://registry.npmjs.org/jiti/-/jiti-2.6.1.tgz"
  integrity sha512-ekilCSN1jwRvIbgeg/57YFh8qQDNbwDb9xT/qu2DAHbFFZUicIl4ygVaAvzveMhMVr3LnpSKTNnwt8PoOfmKhQ==

lightningcss-win32-x64-msvc@1.30.2:
  version "1.30.2"
  resolved "https://registry.npmjs.org/lightningcss-win32-x64-msvc/-/lightningcss-win32-x64-msvc-1.30.2.tgz"
  integrity sha512-5g1yc73p+iAkid5phb4oVFMB45417DkRevRbt/El/gKXJk4jid+vPFF/AXbxn05Aky8PapwzZrdJShv5C0avjw==

lightningcss@1.30.2:
  version "1.30.2"
  resolved "https://registry.npmjs.org/lightningcss/-/lightningcss-1.30.2.tgz"
  integrity sha512-utfs7Pr5uJyyvDETitgsaqSyjCb2qNRAtuqUeWIAKztsOYdcACf2KtARYXg2pSvhkt+9NfoaNY7fxjl6nuMjIQ==
  dependencies:
    detect-libc "^2.0.3"
  optionalDependencies:
    lightningcss-android-arm64 "1.30.2"
    lightningcss-darwin-arm64 "1.30.2"
    lightningcss-darwin-x64 "1.30.2"
    lightningcss-freebsd-x64 "1.30.2"
    lightningcss-linux-arm-gnueabihf "1.30.2"
    lightningcss-linux-arm64-gnu "1.30.2"
    lightningcss-linux-arm64-musl "1.30.2"
    lightningcss-linux-x64-gnu "1.30.2"
    lightningcss-linux-x64-musl "1.30.2"
    lightningcss-win32-arm64-msvc "1.30.2"
    lightningcss-win32-x64-msvc "1.30.2"

lucide-react@^0.546.0:
  version "0.546.0"
  resolved "https://registry.npmjs.org/lucide-react/-/lucide-react-0.546.0.tgz"
  integrity sha512-Z94u6fKT43lKeYHiVyvyR8fT7pwCzDu7RyMPpTvh054+xahSgj4HFQ+NmflvzdXsoAjYGdCguGaFKYuvq0ThCQ==

magic-string@^0.30.19:
  version "0.30.19"
  resolved "https://registry.npmjs.org/magic-string/-/magic-string-0.30.19.tgz"
  integrity sha512-2N21sPY9Ws53PZvsEpVtNuSW+ScYbQdp4b9qUaL+9QkHUrGFKo56Lg9Emg5s9V/qrtNBmiR01sYhUOwu3H+VOw==
  dependencies:
    "@jridgewell/sourcemap-codec" "^1.5.5"

nanoid@^3.3.11, nanoid@^3.3.6:
  version "3.3.11"
  resolved "https://registry.npmjs.org/nanoid/-/nanoid-3.3.11.tgz"
  integrity sha512-N8SpfPUnUp1bK+PMYW8qSWdl9U+wwNWI4QKxOYDy9JAro3WMX7p2OeVRF9v+347pnakNevPmiHhNmZ2HbFA76w==

next@^16.0.0:
  version "16.0.0"
  resolved "https://registry.npmjs.org/next/-/next-16.0.0.tgz"
  integrity sha512-nYohiNdxGu4OmBzggxy9rczmjIGI+TpR5vbKTsE1HqYwNm1B+YSiugSrFguX6omMOKnDHAmBPY4+8TNJk0Idyg==
  dependencies:
    "@next/env" "16.0.0"
    "@swc/helpers" "0.5.15"
    caniuse-lite "^1.0.30001579"
    postcss "8.4.31"
    styled-jsx "5.1.6"
  optionalDependencies:
    "@next/swc-darwin-arm64" "16.0.0"
    "@next/swc-darwin-x64" "16.0.0"
    "@next/swc-linux-arm64-gnu" "16.0.0"
    "@next/swc-linux-arm64-musl" "16.0.0"
    "@next/swc-linux-x64-gnu" "16.0.0"
    "@next/swc-linux-x64-musl" "16.0.0"
    "@next/swc-win32-arm64-msvc" "16.0.0"
    "@next/swc-win32-x64-msvc" "16.0.0"
    sharp "^0.34.4"

num-words@^1.2.3:
  version "1.2.3"
  resolved "https://registry.npmjs.org/num-words/-/num-words-1.2.3.tgz"
  integrity sha512-tfKqF8sCX1sb2LjrZyrqNF7SDyDzxcyKtpNlRqqaOTImmqTEclGYEs17FtpbXsuuyJijwOWzuTy+DasYf/FvlA==

picocolors@^1.0.0, picocolors@^1.1.1:
  version "1.1.1"
  resolved "https://registry.npmjs.org/picocolors/-/picocolors-1.1.1.tgz"
  integrity sha512-xceH2snhtb5M9liqDsmEw56le376mTZkEX/jEb/RxNFyegNul7eNslCXP9FDj/Lcu0X8KEyMceP2ntpaHrDEVA==

postcss@^8.4.41:
  version "8.5.6"
  resolved "https://registry.npmjs.org/postcss/-/postcss-8.5.6.tgz"
  integrity sha512-3Ybi1tAuwAP9s0r1UQ2J4n5Y0G05bJkpUIO0/bI9MhwmD70S5aTWbXGBwxHrelT+XM1k6dM0pk+SwNkpTRN7Pg==
  dependencies:
    nanoid "^3.3.11"
    picocolors "^1.1.1"
    source-map-js "^1.2.1"

postcss@8.4.31:
  version "8.4.31"
  resolved "https://registry.npmjs.org/postcss/-/postcss-8.4.31.tgz"
  integrity sha512-PS08Iboia9mts/2ygV3eLpY5ghnUcfLV/EXTOW1E2qYxJKGGBUtNjN76FYHnMs36RmARn41bC0AZmn+rR0OVpQ==
  dependencies:
    nanoid "^3.3.6"
    picocolors "^1.0.0"
    source-map-js "^1.0.2"

"react-dom@^16.8 || ^17.0 || ^18.0 || ^19.0 || ^19.0.0-rc", "react-dom@^16.8.0 || ^17.0.0 || ^18.0.0 || ^19.0.0", "react-dom@^16.8.0 || ^17.0.0-rc.1 || ^18.0.0 || ^19.0.0-rc.1", "react-dom@^18 || ^19 || ^19.0.0-rc", "react-dom@^18.2.0 || 19.0.0-rc-de68d2f4-20241204 || ^19.0.0", react-dom@^19.0.0, react-dom@>=16.8.0:
  version "19.2.0"
  resolved "https://registry.npmjs.org/react-dom/-/react-dom-19.2.0.tgz"
  integrity sha512-UlbRu4cAiGaIewkPyiRGJk0imDN2T3JjieT6spoL2UeSf5od4n5LB/mQ4ejmxhCFT1tYe8IvaFulzynWovsEFQ==
  dependencies:
    scheduler "^0.27.0"

"react-redux@^7.2.1 || ^8.1.3 || ^9.0.0", react-redux@^9.1.2:
  version "9.2.0"
  resolved "https://registry.npmjs.org/react-redux/-/react-redux-9.2.0.tgz"
  integrity sha512-ROY9fvHhwOD9ySfrF0wmvu//bKCQ6AeZZq1nJNtbDC+kk5DuSuNX/n6YWYF/SYy7bSba4D4FSz8DJeKY/S/r+g==
  dependencies:
    "@types/use-sync-external-store" "^0.0.6"
    use-sync-external-store "^1.4.0"

react-remove-scroll-bar@^2.3.7:
  version "2.3.8"
  resolved "https://registry.npmjs.org/react-remove-scroll-bar/-/react-remove-scroll-bar-2.3.8.tgz"
  integrity sha512-9r+yi9+mgU33AKcj6IbT9oRCO78WriSj6t/cF8DWBZJ9aOGPOTEDvdUDz1FwKim7QXWwmHqtdHnRJfhAxEG46Q==
  dependencies:
    react-style-singleton "^2.2.2"
    tslib "^2.0.0"

react-remove-scroll@^2.6.3:
  version "2.7.1"
  resolved "https://registry.npmjs.org/react-remove-scroll/-/react-remove-scroll-2.7.1.tgz"
  integrity sha512-HpMh8+oahmIdOuS5aFKKY6Pyog+FNaZV/XyJOq7b4YFwsFHe5yYfdbIalI4k3vU2nSDql7YskmUseHsRrJqIPA==
  dependencies:
    react-remove-scroll-bar "^2.3.7"
    react-style-singleton "^2.2.3"
    tslib "^2.1.0"
    use-callback-ref "^1.3.3"
    use-sidecar "^1.1.3"

react-style-singleton@^2.2.2, react-style-singleton@^2.2.3:
  version "2.2.3"
  resolved "https://registry.npmjs.org/react-style-singleton/-/react-style-singleton-2.2.3.tgz"
  integrity sha512-b6jSvxvVnyptAiLjbkWLE/lOnR4lfTtDAl+eUC7RZy+QQWc6wRzIV2CE6xBuMmDxc2qIihtDCZD5NPOFl7fRBQ==
  dependencies:
    get-nonce "^1.0.0"
    tslib "^2.0.0"

"react@^16.5.1 || ^17.0.0 || ^18.0.0 || ^19.0.0", "react@^16.8 || ^17.0 || ^18.0 || ^19.0 || ^19.0.0-rc", "react@^16.8.0 || ^17.0.0 || ^18.0.0 || ^19.0.0", "react@^16.8.0 || ^17.0.0 || ^18.0.0 || ^19.0.0 || ^19.0.0-rc", "react@^16.8.0 || ^17.0.0-rc.1 || ^18.0.0 || ^19.0.0-rc.1", "react@^16.9.0 || ^17.0.0 || ^18 || ^19", "react@^18 || ^19 || ^19.0.0-rc", "react@^18.0 || ^19", "react@^18.2.0 || 19.0.0-rc-de68d2f4-20241204 || ^19.0.0", react@^19.0.0, react@^19.2.0, "react@>= 16.8.0 || 17.x.x || ^18.0.0-0 || ^19.0.0-0", react@>=16.8.0:
  version "19.2.0"
  resolved "https://registry.npmjs.org/react/-/react-19.2.0.tgz"
  integrity sha512-tmbWg6W31tQLeB5cdIBOicJDJRR2KzXsV7uSK9iNfLWQ5bIZfxuPEHp7M8wiHyHnn0DD1i7w3Zmin0FtkrwoCQ==

redux-thunk@^3.1.0:
  version "3.1.0"
  resolved "https://registry.npmjs.org/redux-thunk/-/redux-thunk-3.1.0.tgz"
  integrity sha512-NW2r5T6ksUKXCabzhL9z+h206HQw/NJkcLm1GPImRQ8IzfXwRGqjVhKJGauHirT0DAuyy6hjdnMZaRoAcy0Klw==

redux@^5.0.0, redux@^5.0.1:
  version "5.0.1"
  resolved "https://registry.npmjs.org/redux/-/redux-5.0.1.tgz"
  integrity sha512-M9/ELqF6fy8FwmkpnF0S3YKOqMyoWJ4+CS5Efg2ct3oY9daQvd/Pc71FpGZsVsbl3Cpb+IIcjBDUnnyBdQbq4w==

reselect@^5.1.0:
  version "5.1.1"
  resolved "https://registry.npmjs.org/reselect/-/reselect-5.1.1.tgz"
  integrity sha512-K/BG6eIky/SBpzfHZv/dd+9JBFiS4SWV7FIujVyJRux6e45+73RaUHXLmIR1f7WOMaQ0U1km6qwklRQxpJJY0w==

scheduler@^0.27.0:
  version "0.27.0"
  resolved "https://registry.npmjs.org/scheduler/-/scheduler-0.27.0.tgz"
  integrity sha512-eNv+WrVbKu1f3vbYJT/xtiF5syA5HPIMtf9IgY/nKg0sWqzAUEvqY/xm7OcZc/qafLx/iO9FgOmeSAp4v5ti/Q==

semver@^7.7.2:
  version "7.7.3"
  resolved "https://registry.npmjs.org/semver/-/semver-7.7.3.tgz"
  integrity sha512-SdsKMrI9TdgjdweUSR9MweHA4EJ8YxHn8DFaDisvhVlUOe4BF1tLD7GAj0lIqWVl+dPb/rExr0Btby5loQm20Q==

sharp@^0.34.4:
  version "0.34.4"
  resolved "https://registry.npmjs.org/sharp/-/sharp-0.34.4.tgz"
  integrity sha512-FUH39xp3SBPnxWvd5iib1X8XY7J0K0X7d93sie9CJg2PO8/7gmg89Nve6OjItK53/MlAushNNxteBYfM6DEuoA==
  dependencies:
    "@img/colour" "^1.0.0"
    detect-libc "^2.1.0"
    semver "^7.7.2"
  optionalDependencies:
    "@img/sharp-darwin-arm64" "0.34.4"
    "@img/sharp-darwin-x64" "0.34.4"
    "@img/sharp-libvips-darwin-arm64" "1.2.3"
    "@img/sharp-libvips-darwin-x64" "1.2.3"
    "@img/sharp-libvips-linux-arm" "1.2.3"
    "@img/sharp-libvips-linux-arm64" "1.2.3"
    "@img/sharp-libvips-linux-ppc64" "1.2.3"
    "@img/sharp-libvips-linux-s390x" "1.2.3"
    "@img/sharp-libvips-linux-x64" "1.2.3"
    "@img/sharp-libvips-linuxmusl-arm64" "1.2.3"
    "@img/sharp-libvips-linuxmusl-x64" "1.2.3"
    "@img/sharp-linux-arm" "0.34.4"
    "@img/sharp-linux-arm64" "0.34.4"
    "@img/sharp-linux-ppc64" "0.34.4"
    "@img/sharp-linux-s390x" "0.34.4"
    "@img/sharp-linux-x64" "0.34.4"
    "@img/sharp-linuxmusl-arm64" "0.34.4"
    "@img/sharp-linuxmusl-x64" "0.34.4"
    "@img/sharp-wasm32" "0.34.4"
    "@img/sharp-win32-arm64" "0.34.4"
    "@img/sharp-win32-ia32" "0.34.4"
    "@img/sharp-win32-x64" "0.34.4"

source-map-js@^1.0.2, source-map-js@^1.2.1:
  version "1.2.1"
  resolved "https://registry.npmjs.org/source-map-js/-/source-map-js-1.2.1.tgz"
  integrity sha512-UXWMKhLOwVKb728IUtQPXxfYU+usdybtUrK/8uGE8CQMvrhOpwvzDBwj0QhSL7MQc7vIsISBG8VQ8+IDQxpfQA==

styled-jsx@5.1.6:
  version "5.1.6"
  resolved "https://registry.npmjs.org/styled-jsx/-/styled-jsx-5.1.6.tgz"
  integrity sha512-qSVyDTeMotdvQYoHWLNGwRFJHC+i+ZvdBRYosOFgC+Wg1vx4frN2/RG/NA7SYqqvKNLf39P2LSRA2pu6n0XYZA==
  dependencies:
    client-only "0.0.1"

tabbable@^6.0.0:
  version "6.3.0"
  resolved "https://registry.npmjs.org/tabbable/-/tabbable-6.3.0.tgz"
  integrity sha512-EIHvdY5bPLuWForiR/AN2Bxngzpuwn1is4asboytXtpTgsArc+WmSJKVLlhdh71u7jFcryDqB2A8lQvj78MkyQ==

tailwind-merge@^3.3.1:
  version "3.3.1"
  resolved "https://registry.npmjs.org/tailwind-merge/-/tailwind-merge-3.3.1.tgz"
  integrity sha512-gBXpgUm/3rp1lMZZrM/w7D8GKqshif0zAymAhbCyIt8KMe+0v9DQ7cdYLR4FHH/cKpdTXb+A/tKKU3eolfsI+g==

tailwindcss@^4.1.16, tailwindcss@4.1.16:
  version "4.1.16"
  resolved "https://registry.npmjs.org/tailwindcss/-/tailwindcss-4.1.16.tgz"
  integrity sha512-pONL5awpaQX4LN5eiv7moSiSPd/DLDzKVRJz8Q9PgzmAdd1R4307GQS2ZpfiN7ZmekdQrfhZZiSE5jkLR4WNaA==

tapable@^2.2.0:
  version "2.3.0"
  resolved "https://registry.npmjs.org/tapable/-/tapable-2.3.0.tgz"
  integrity sha512-g9ljZiwki/LfxmQADO3dEY1CbpmXT5Hm2fJ+QaGKwSXUylMybePR7/67YW7jOrrvjEgL1Fmz5kzyAjWVWLlucg==

tr46@~0.0.3:
  version "0.0.3"
  resolved "https://registry.npmjs.org/tr46/-/tr46-0.0.3.tgz"
  integrity sha512-N3WMsuqV66lT30CrXNbEjx4GEwlow3v6rr4mCcv6prnfwhS01rkgyFdjPNBYd9br7LpXV1+Emh01fHnq2Gdgrw==

tslib@^2.0.0, tslib@^2.1.0, tslib@^2.4.0, tslib@^2.8.0, tslib@2.8.1:
  version "2.8.1"
  resolved "https://registry.npmjs.org/tslib/-/tslib-2.8.1.tgz"
  integrity sha512-oJFu94HQb+KVduSUQL7wnpmqnfmLsOA/nAh6b6EH0wCEoK0/mPeXU6c3wKDV83MkOuHPRHtSXKKU99IBazS/2w==

undici-types@~7.16.0:
  version "7.16.0"
  resolved "https://registry.npmjs.org/undici-types/-/undici-types-7.16.0.tgz"
  integrity sha512-Zz+aZWSj8LE6zoxD+xrjh4VfkIG8Ya6LvYkZqtUQGJPZjYl53ypCaUwWqo7eI0x66KBGeRo+mlBEkMSeSZ38Nw==

use-callback-ref@^1.3.3:
  version "1.3.3"
  resolved "https://registry.npmjs.org/use-callback-ref/-/use-callback-ref-1.3.3.tgz"
  integrity sha512-jQL3lRnocaFtu3V00JToYz/4QkNWswxijDaCVNZRiRTO3HQDLsdu1ZtmIUvV4yPp+rvWm5j0y0TG/S61cuijTg==
  dependencies:
    tslib "^2.0.0"

use-sidecar@^1.1.3:
  version "1.1.3"
  resolved "https://registry.npmjs.org/use-sidecar/-/use-sidecar-1.1.3.tgz"
  integrity sha512-Fedw0aZvkhynoPYlA5WXrMCAMm+nSWdZt6lzJQ7Ok8S6Q+VsHmHpRWndVRJ8Be0ZbkfPc5LRYH+5XrzXcEeLRQ==
  dependencies:
    detect-node-es "^1.1.0"
    tslib "^2.0.0"

use-sync-external-store@^1.4.0, use-sync-external-store@^1.5.0:
  version "1.6.0"
  resolved "https://registry.npmjs.org/use-sync-external-store/-/use-sync-external-store-1.6.0.tgz"
  integrity sha512-Pp6GSwGP/NrPIrxVFAIkOQeyw8lFenOHijQWkUTrDvrF4ALqylP2C/KCkeS9dpUM3KvYRQhna5vt7IL95+ZQ9w==

webidl-conversions@^3.0.0:
  version "3.0.1"
  resolved "https://registry.npmjs.org/webidl-conversions/-/webidl-conversions-3.0.1.tgz"
  integrity sha512-2JAn3z8AR6rjK8Sm8orRC0h/bcl/DqL7tRPdGZ4I1CjdF+EaMLmYxBHyXuKL849eucPFhvBoxMsflfOb8kxaeQ==

whatwg-url@^5.0.0:
  version "5.0.0"
  resolved "https://registry.npmjs.org/whatwg-url/-/whatwg-url-5.0.0.tgz"
  integrity sha512-saE57nupxk6v3HY35+jzBwYa0rKSy0XR8JSxZPwgLr7ys0IBzhGviA1/TUGJLmSVqs8pb9AnvICXEuOHLprYTw==
  dependencies:
    tr46 "~0.0.3"
    webidl-conversions "^3.0.0"

ws@^8.18.2:
  version "8.18.3"
  resolved "https://registry.npmjs.org/ws/-/ws-8.18.3.tgz"
  integrity sha512-PEIGCY5tSlUt50cqyMXfCzX+oOPqN0vuGqWzbcJ2xvnkzkq46oOpz7dQaTDBdfICb4N14+GARUDw2XV2N4tvzg==
